
Microsoft Visual Studio Solution File, Format Version 12.00
# Visual Studio Version 16
VisualStudioVersion = 16.0.29215.179
MinimumVisualStudioVersion = 10.0.40219.1
Project("{FAE04EC0-301F-11D3-BF4B-00C04F79EFBC}") = "FormativeGame", "FormativeGame\FormativeGame.csproj", "{D1D09801-3CC3-48D8-A2CC-7729F1082B9B}"
EndProject
Global
	GlobalSection(SolutionConfigurationPlatforms) = preSolution
		Debug|Any CPU = Debug|Any CPU
		Release|Any CPU = Release|Any CPU
	EndGlobalSection
	GlobalSection(ProjectConfigurationPlatforms) = postSolution
		{D1D09801-3CC3-48D8-A2CC-7729F1082B9B}.Debug|Any CPU.ActiveCfg = Debug|Any CPU
		{D1D09801-3CC3-48D8-A2CC-7729F1082B9B}.Debug|Any CPU.Build.0 = Debug|Any CPU
		{D1D09801-3CC3-48D8-A2CC-7729F1082B9B}.Release|Any CPU.ActiveCfg = Release|Any CPU
		{D1D09801-3CC3-48D8-A2CC-7729F1082B9B}.Release|Any CPU.Build.0 = Release|Any CPU
	EndGlobalSection
	GlobalSection(SolutionProperties) = preSolution
		HideSolutionNode = FALSE
	EndGlobalSection
	GlobalSection(ExtensibilityGlobals) = postSolution
		SolutionGuid = {11BC4322-CFF9-4F62-9BB9-F2F051B3728F}
	EndGlobalSection
EndGlobal
